PODS:
  - Flutter (1.0.0)
  - flutter_config_plus (0.0.1):
    - Flutter
  - integration_test (0.0.1):
    - Flutter
  - package_info_plus (0.4.5):
    - Flutter
  - permission_handler_apple (9.0.4):
    - Flutter

DEPENDENCIES:
  - Flutter (from `Flutter`)
  - flutter_config_plus (from `.symlinks/plugins/flutter_config_plus/ios`)
  - integration_test (from `.symlinks/plugins/integration_test/ios`)
  - package_info_plus (from `.symlinks/plugins/package_info_plus/ios`)
  - permission_handler_apple (from `.symlinks/plugins/permission_handler_apple/ios`)

EXTERNAL SOURCES:
  Flutter:
    :path: Flutter
  flutter_config_plus:
    :path: ".symlinks/plugins/flutter_config_plus/ios"
  integration_test:
    :path: ".symlinks/plugins/integration_test/ios"
  package_info_plus:
    :path: ".symlinks/plugins/package_info_plus/ios"
  permission_handler_apple:
    :path: ".symlinks/plugins/permission_handler_apple/ios"

SPEC CHECKSUMS:
  Flutter: f04841e97a9d0b0a8025694d0796dd46242b2854
  flutter_config_plus: 2df4781de772ac3c0d253ae6122a8396ec306e35
  integration_test: 13825b8a9334a850581300559b8839134b124670
  package_info_plus: fd030dabf36271f146f1f3beacd48f564b0f17f7
  permission_handler_apple: 44366e37eaf29454a1e7b1b7d736c2cceaeb17ce

PODFILE CHECKSUM: 0649db66e3e5e19c303123296d621da53d2eeafc

COCOAPODS: 1.11.2
